
Microsoft Visual Studio Solution File, Format Version 12.00
# Visual Studio 15
VisualStudioVersion = 15.0.27428.2037
MinimumVisualStudioVersion = 10.0.40219.1
Project("{FAE04EC0-301F-11D3-BF4B-00C04F79EFBC}") = "01-HogsWatch", "01-HogsWatch\01-HogsWatch.csproj", "{899FD380-A91B-462B-BAE4-D0C3E237FB9B}"
EndProject
Project("{FAE04EC0-301F-11D3-BF4B-00C04F79EFBC}") = "02-Grains of Sands", "02-Grains of Sands\02-Grains of Sands.csproj", "{370E4FB3-6C8A-4AFC-83CF-05391EA7E5FD}"
EndProject
Project("{FAE04EC0-301F-11D3-BF4B-00C04F79EFBC}") = "03-PostOffice", "03-PostOffice\03-PostOffice.csproj", "{1056A0EA-A5A1-4543-ACC1-06D2621792BD}"
EndProject
Project("{FAE04EC0-301F-11D3-BF4B-00C04F79EFBC}") = "04-IronGirder", "04-IronGirder\04-IronGirder.csproj", "{775B9425-F8C0-48D9-B5FD-38DF8F7608F5}"
EndProject
Global
	GlobalSection(SolutionConfigurationPlatforms) = preSolution
		Debug|Any CPU = Debug|Any CPU
		Release|Any CPU = Release|Any CPU
	EndGlobalSection
	GlobalSection(ProjectConfigurationPlatforms) = postSolution
		{899FD380-A91B-462B-BAE4-D0C3E237FB9B}.Debug|Any CPU.ActiveCfg = Debug|Any CPU
		{899FD380-A91B-462B-BAE4-D0C3E237FB9B}.Debug|Any CPU.Build.0 = Debug|Any CPU
		{899FD380-A91B-462B-BAE4-D0C3E237FB9B}.Release|Any CPU.ActiveCfg = Release|Any CPU
		{899FD380-A91B-462B-BAE4-D0C3E237FB9B}.Release|Any CPU.Build.0 = Release|Any CPU
		{370E4FB3-6C8A-4AFC-83CF-05391EA7E5FD}.Debug|Any CPU.ActiveCfg = Debug|Any CPU
		{370E4FB3-6C8A-4AFC-83CF-05391EA7E5FD}.Debug|Any CPU.Build.0 = Debug|Any CPU
		{370E4FB3-6C8A-4AFC-83CF-05391EA7E5FD}.Release|Any CPU.ActiveCfg = Release|Any CPU
		{370E4FB3-6C8A-4AFC-83CF-05391EA7E5FD}.Release|Any CPU.Build.0 = Release|Any CPU
		{1056A0EA-A5A1-4543-ACC1-06D2621792BD}.Debug|Any CPU.ActiveCfg = Debug|Any CPU
		{1056A0EA-A5A1-4543-ACC1-06D2621792BD}.Debug|Any CPU.Build.0 = Debug|Any CPU
		{1056A0EA-A5A1-4543-ACC1-06D2621792BD}.Release|Any CPU.ActiveCfg = Release|Any CPU
		{1056A0EA-A5A1-4543-ACC1-06D2621792BD}.Release|Any CPU.Build.0 = Release|Any CPU
		{775B9425-F8C0-48D9-B5FD-38DF8F7608F5}.Debug|Any CPU.ActiveCfg = Debug|Any CPU
		{775B9425-F8C0-48D9-B5FD-38DF8F7608F5}.Debug|Any CPU.Build.0 = Debug|Any CPU
		{775B9425-F8C0-48D9-B5FD-38DF8F7608F5}.Release|Any CPU.ActiveCfg = Release|Any CPU
		{775B9425-F8C0-48D9-B5FD-38DF8F7608F5}.Release|Any CPU.Build.0 = Release|Any CPU
	EndGlobalSection
	GlobalSection(SolutionProperties) = preSolution
		HideSolutionNode = FALSE
	EndGlobalSection
	GlobalSection(ExtensibilityGlobals) = postSolution
		SolutionGuid = {4FF8D5E0-38F9-4324-9869-6D98FDC66726}
	EndGlobalSection
EndGlobal
